
Microsoft Visual Studio Solution File, Format Version 12.00
# Visual Studio Version 17
VisualStudioVersion = 17.3.32825.248
MinimumVisualStudioVersion = 10.0.40219.1
Project("{FAE04EC0-301F-11D3-BF4B-00C04F79EFBC}") = "FBQ.Salud-Presentation", "FBQ.Salud\FBQ.Salud-Presentation.csproj", "{8D581129-92C6-41CA-AA85-F1CFA8321993}"
EndProject
Project("{FAE04EC0-301F-11D3-BF4B-00C04F79EFBC}") = "FBQ.Salud-AccessData", "FBQ.Salud-AccessData\FBQ.Salud-AccessData.csproj", "{2F817F26-5A99-4779-BD5D-008130FE5657}"
EndProject
Project("{FAE04EC0-301F-11D3-BF4B-00C04F79EFBC}") = "FBQ.Salud-Application", "FBQ.Salud-Application\FBQ.Salud-Application.csproj", "{0C7AC23F-F51E-4F05-A14C-877F414F93ED}"
EndProject
Project("{FAE04EC0-301F-11D3-BF4B-00C04F79EFBC}") = "FBQ.Salud-Domain", "FBQ.Salud-Domain\FBQ.Salud-Domain.csproj", "{5A0F0CCC-6C6F-4998-97BB-246FEB803B09}"
EndProject
Global
	GlobalSection(SolutionConfigurationPlatforms) = preSolution
		Debug|Any CPU = Debug|Any CPU
		Release|Any CPU = Release|Any CPU
	EndGlobalSection
	GlobalSection(ProjectConfigurationPlatforms) = postSolution
		{8D581129-92C6-41CA-AA85-F1CFA8321993}.Debug|Any CPU.ActiveCfg = Debug|Any CPU
		{8D581129-92C6-41CA-AA85-F1CFA8321993}.Debug|Any CPU.Build.0 = Debug|Any CPU
		{8D581129-92C6-41CA-AA85-F1CFA8321993}.Release|Any CPU.ActiveCfg = Release|Any CPU
		{8D581129-92C6-41CA-AA85-F1CFA8321993}.Release|Any CPU.Build.0 = Release|Any CPU
		{2F817F26-5A99-4779-BD5D-008130FE5657}.Debug|Any CPU.ActiveCfg = Debug|Any CPU
		{2F817F26-5A99-4779-BD5D-008130FE5657}.Debug|Any CPU.Build.0 = Debug|Any CPU
		{2F817F26-5A99-4779-BD5D-008130FE5657}.Release|Any CPU.ActiveCfg = Release|Any CPU
		{2F817F26-5A99-4779-BD5D-008130FE5657}.Release|Any CPU.Build.0 = Release|Any CPU
		{0C7AC23F-F51E-4F05-A14C-877F414F93ED}.Debug|Any CPU.ActiveCfg = Debug|Any CPU
		{0C7AC23F-F51E-4F05-A14C-877F414F93ED}.Debug|Any CPU.Build.0 = Debug|Any CPU
		{0C7AC23F-F51E-4F05-A14C-877F414F93ED}.Release|Any CPU.ActiveCfg = Release|Any CPU
		{0C7AC23F-F51E-4F05-A14C-877F414F93ED}.Release|Any CPU.Build.0 = Release|Any CPU
		{5A0F0CCC-6C6F-4998-97BB-246FEB803B09}.Debug|Any CPU.ActiveCfg = Debug|Any CPU
		{5A0F0CCC-6C6F-4998-97BB-246FEB803B09}.Debug|Any CPU.Build.0 = Debug|Any CPU
		{5A0F0CCC-6C6F-4998-97BB-246FEB803B09}.Release|Any CPU.ActiveCfg = Release|Any CPU
		{5A0F0CCC-6C6F-4998-97BB-246FEB803B09}.Release|Any CPU.Build.0 = Release|Any CPU
	EndGlobalSection
	GlobalSection(SolutionProperties) = preSolution
		HideSolutionNode = FALSE
	EndGlobalSection
	GlobalSection(ExtensibilityGlobals) = postSolution
		SolutionGuid = {95DA4A5D-BAF7-4410-8246-D4A5986514E7}
	EndGlobalSection
EndGlobal
